
Microsoft Visual Studio Solution File, Format Version 12.00
# Visual Studio Version 17
VisualStudioVersion = 17.10.35027.167
MinimumVisualStudioVersion = 10.0.40219.1
Project("{9A19103F-16F7-4668-BE54-9A1E7A4F7556}") = "ToDoApp.WebApi", "ToDoApp.WebApi\ToDoApp.WebApi.csproj", "{DB6B8427-D9A4-487A-8380-9CE02697607D}"
EndProject
Global
	GlobalSection(SolutionConfigurationPlatforms) = preSolution
		Debug|Any CPU = Debug|Any CPU
		Release|Any CPU = Release|Any CPU
	EndGlobalSection
	GlobalSection(ProjectConfigurationPlatforms) = postSolution
		{DB6B8427-D9A4-487A-8380-9CE02697607D}.Debug|Any CPU.ActiveCfg = Debug|Any CPU
		{DB6B8427-D9A4-487A-8380-9CE02697607D}.Debug|Any CPU.Build.0 = Debug|Any CPU
		{DB6B8427-D9A4-487A-8380-9CE02697607D}.Release|Any CPU.ActiveCfg = Release|Any CPU
		{DB6B8427-D9A4-487A-8380-9CE02697607D}.Release|Any CPU.Build.0 = Release|Any CPU
	EndGlobalSection
	GlobalSection(SolutionProperties) = preSolution
		HideSolutionNode = FALSE
	EndGlobalSection
	GlobalSection(ExtensibilityGlobals) = postSolution
		SolutionGuid = {ADF2E93F-1F2D-469B-84AE-D05AA58E26B4}
	EndGlobalSection
EndGlobal
